
Microsoft Visual Studio Solution File, Format Version 12.00
# Visual Studio Version 16
VisualStudioVersion = 16.0.29806.167
MinimumVisualStudioVersion = 15.0.26124.0
Project("{9A19103F-16F7-4668-BE54-9A1E7A4F7556}") = "StellarisModManager", "StellarisModManager\StellarisModManager.csproj", "{96089041-3E1B-49D8-8B69-5713A1B6F9CB}"
EndProject
Project("{9A19103F-16F7-4668-BE54-9A1E7A4F7556}") = "Stellaris.Data", "Stellaris.Data\Stellaris.Data.csproj", "{2F2A8945-5E9D-472F-87E9-CBF333539612}"
EndProject
Project("{9A19103F-16F7-4668-BE54-9A1E7A4F7556}") = "StellarisModManager.Blazor", "StellarisModManager.Blazor\StellarisModManager.Blazor.csproj", "{433A4164-0555-465C-A7A6-DAEF12672B55}"
EndProject
Project("{9A19103F-16F7-4668-BE54-9A1E7A4F7556}") = "StellarisModManager.Core", "StellarisModManager.Core\StellarisModManager.Core.csproj", "{EEC8F786-3A4D-4077-BCC3-14A3B602A0A3}"
EndProject
Project("{FAE04EC0-301F-11D3-BF4B-00C04F79EFBC}") = "PDXModLib", "PDXModLib\PDXModLib.csproj", "{425A70E9-89B9-4129-8804-D059A82B468E}"
EndProject
Global
	GlobalSection(SolutionConfigurationPlatforms) = preSolution
		Debug|Any CPU = Debug|Any CPU
		Debug|x64 = Debug|x64
		Release|Any CPU = Release|Any CPU
		Release|x64 = Release|x64
	EndGlobalSection
	GlobalSection(ProjectConfigurationPlatforms) = postSolution
		{96089041-3E1B-49D8-8B69-5713A1B6F9CB}.Debug|Any CPU.ActiveCfg = Debug|Any CPU
		{96089041-3E1B-49D8-8B69-5713A1B6F9CB}.Debug|Any CPU.Build.0 = Debug|Any CPU
		{96089041-3E1B-49D8-8B69-5713A1B6F9CB}.Debug|x64.ActiveCfg = Debug|Any CPU
		{96089041-3E1B-49D8-8B69-5713A1B6F9CB}.Debug|x64.Build.0 = Debug|Any CPU
		{96089041-3E1B-49D8-8B69-5713A1B6F9CB}.Release|Any CPU.ActiveCfg = Release|Any CPU
		{96089041-3E1B-49D8-8B69-5713A1B6F9CB}.Release|Any CPU.Build.0 = Release|Any CPU
		{96089041-3E1B-49D8-8B69-5713A1B6F9CB}.Release|x64.ActiveCfg = Release|Any CPU
		{96089041-3E1B-49D8-8B69-5713A1B6F9CB}.Release|x64.Build.0 = Release|Any CPU
		{2F2A8945-5E9D-472F-87E9-CBF333539612}.Debug|Any CPU.ActiveCfg = Debug|Any CPU
		{2F2A8945-5E9D-472F-87E9-CBF333539612}.Debug|Any CPU.Build.0 = Debug|Any CPU
		{2F2A8945-5E9D-472F-87E9-CBF333539612}.Debug|x64.ActiveCfg = Debug|Any CPU
		{2F2A8945-5E9D-472F-87E9-CBF333539612}.Debug|x64.Build.0 = Debug|Any CPU
		{2F2A8945-5E9D-472F-87E9-CBF333539612}.Release|Any CPU.ActiveCfg = Release|Any CPU
		{2F2A8945-5E9D-472F-87E9-CBF333539612}.Release|Any CPU.Build.0 = Release|Any CPU
		{2F2A8945-5E9D-472F-87E9-CBF333539612}.Release|x64.ActiveCfg = Release|Any CPU
		{2F2A8945-5E9D-472F-87E9-CBF333539612}.Release|x64.Build.0 = Release|Any CPU
		{433A4164-0555-465C-A7A6-DAEF12672B55}.Debug|Any CPU.ActiveCfg = Debug|x64
		{433A4164-0555-465C-A7A6-DAEF12672B55}.Debug|x64.ActiveCfg = Debug|x64
		{433A4164-0555-465C-A7A6-DAEF12672B55}.Debug|x64.Build.0 = Debug|x64
		{433A4164-0555-465C-A7A6-DAEF12672B55}.Release|Any CPU.ActiveCfg = Release|x64
		{433A4164-0555-465C-A7A6-DAEF12672B55}.Release|x64.ActiveCfg = Release|x64
		{433A4164-0555-465C-A7A6-DAEF12672B55}.Release|x64.Build.0 = Release|x64
		{EEC8F786-3A4D-4077-BCC3-14A3B602A0A3}.Debug|Any CPU.ActiveCfg = Debug|Any CPU
		{EEC8F786-3A4D-4077-BCC3-14A3B602A0A3}.Debug|Any CPU.Build.0 = Debug|Any CPU
		{EEC8F786-3A4D-4077-BCC3-14A3B602A0A3}.Debug|x64.ActiveCfg = Debug|Any CPU
		{EEC8F786-3A4D-4077-BCC3-14A3B602A0A3}.Debug|x64.Build.0 = Debug|Any CPU
		{EEC8F786-3A4D-4077-BCC3-14A3B602A0A3}.Release|Any CPU.ActiveCfg = Release|Any CPU
		{EEC8F786-3A4D-4077-BCC3-14A3B602A0A3}.Release|Any CPU.Build.0 = Release|Any CPU
		{EEC8F786-3A4D-4077-BCC3-14A3B602A0A3}.Release|x64.ActiveCfg = Release|Any CPU
		{EEC8F786-3A4D-4077-BCC3-14A3B602A0A3}.Release|x64.Build.0 = Release|Any CPU
		{425A70E9-89B9-4129-8804-D059A82B468E}.Debug|Any CPU.ActiveCfg = Debug|Any CPU
		{425A70E9-89B9-4129-8804-D059A82B468E}.Debug|Any CPU.Build.0 = Debug|Any CPU
		{425A70E9-89B9-4129-8804-D059A82B468E}.Debug|x64.ActiveCfg = Debug|Any CPU
		{425A70E9-89B9-4129-8804-D059A82B468E}.Debug|x64.Build.0 = Debug|Any CPU
		{425A70E9-89B9-4129-8804-D059A82B468E}.Release|Any CPU.ActiveCfg = Release|Any CPU
		{425A70E9-89B9-4129-8804-D059A82B468E}.Release|Any CPU.Build.0 = Release|Any CPU
		{425A70E9-89B9-4129-8804-D059A82B468E}.Release|x64.ActiveCfg = Release|Any CPU
		{425A70E9-89B9-4129-8804-D059A82B468E}.Release|x64.Build.0 = Release|Any CPU
	EndGlobalSection
	GlobalSection(SolutionProperties) = preSolution
		HideSolutionNode = FALSE
	EndGlobalSection
	GlobalSection(ExtensibilityGlobals) = postSolution
		SolutionGuid = {0969332D-6A7E-46C1-911C-A541120DFCEB}
	EndGlobalSection
EndGlobal
